
Microsoft Visual Studio Solution File, Format Version 12.00
# Visual Studio 15
VisualStudioVersion = 15.0.27428.2037
MinimumVisualStudioVersion = 10.0.40219.1
Project("{8BC9CEB8-8B4A-11D0-8D11-00A0C91BC942}") = "flash_dump", "flash_dump.vcxproj", "{29B362AE-0B15-4E09-9BDE-598C947B0879}"
EndProject
Global
	GlobalSection(SolutionConfigurationPlatforms) = preSolution
		Release|x64 = Release|x64
	EndGlobalSection
	GlobalSection(ProjectConfigurationPlatforms) = postSolution
		{29B362AE-0B15-4E09-9BDE-598C947B0879}.Release|x64.ActiveCfg = Release|x64
		{29B362AE-0B15-4E09-9BDE-598C947B0879}.Release|x64.Build.0 = Release|x64
	EndGlobalSection
	GlobalSection(SolutionProperties) = preSolution
		HideSolutionNode = FALSE
	EndGlobalSection
	GlobalSection(ExtensibilityGlobals) = postSolution
		SolutionGuid = {9100E0C6-5CC8-4E01-BAE6-0CAA8F4C38AA}
	EndGlobalSection
EndGlobal
